Microsoft Visual Studio Solution File, Format Version 12.00
# Visual Studio Version 17
VisualStudioVersion = 17.0.31903.59
MinimumVisualStudioVersion = 10.0.40219.1
Project("{FAE04EC0-301F-11D3-BF4B-00C04F79EFBC}") = "ByteZoo.Blog.App", "ByteZoo.Blog.App\ByteZoo.Blog.App.csproj", "{2450F060-F75B-4B06-AD35-F29EC38031DC}"
EndProject
Project("{FAE04EC0-301F-11D3-BF4B-00C04F79EFBC}") = "ByteZoo.Blog.Common", "ByteZoo.Blog.Common\ByteZoo.Blog.Common.csproj", "{ABF52FA3-7AF3-4C19-95D3-F845241D5CD4}"
EndProject
Project("{FAE04EC0-301F-11D3-BF4B-00C04F79EFBC}") = "ByteZoo.Blog.Profiler", "ByteZoo.Blog.Profiler\ByteZoo.Blog.Profiler.csproj", "{BCC10F31-DC8C-4056-A15C-AD8E1B0FFC89}"
EndProject
Project("{FAE04EC0-301F-11D3-BF4B-00C04F79EFBC}") = "ByteZoo.Blog.Web", "ByteZoo.Blog.Web\ByteZoo.Blog.Web.csproj", "{41378E75-9BA7-4B99-9580-7ED1D54044D5}"
EndProject
Global
	GlobalSection(SolutionProperties) = preSolution
		HideSolutionNode = FALSE
	EndGlobalSection
	GlobalSection(SolutionConfigurationPlatforms) = preSolution
		Debug|Any CPU = Debug|Any CPU
		Debug|x64 = Debug|x64
		Debug|x86 = Debug|x86
		Release|Any CPU = Release|Any CPU
		Release|x64 = Release|x64
		Release|x86 = Release|x86
	EndGlobalSection
	GlobalSection(ProjectConfigurationPlatforms) = postSolution
		{2450F060-F75B-4B06-AD35-F29EC38031DC}.Debug|Any CPU.ActiveCfg = Debug|Any CPU
		{2450F060-F75B-4B06-AD35-F29EC38031DC}.Debug|Any CPU.Build.0 = Debug|Any CPU
		{2450F060-F75B-4B06-AD35-F29EC38031DC}.Debug|x64.ActiveCfg = Debug|Any CPU
		{2450F060-F75B-4B06-AD35-F29EC38031DC}.Debug|x64.Build.0 = Debug|Any CPU
		{2450F060-F75B-4B06-AD35-F29EC38031DC}.Debug|x86.ActiveCfg = Debug|Any CPU
		{2450F060-F75B-4B06-AD35-F29EC38031DC}.Debug|x86.Build.0 = Debug|Any CPU
		{2450F060-F75B-4B06-AD35-F29EC38031DC}.Release|Any CPU.ActiveCfg = Release|Any CPU
		{2450F060-F75B-4B06-AD35-F29EC38031DC}.Release|Any CPU.Build.0 = Release|Any CPU
		{2450F060-F75B-4B06-AD35-F29EC38031DC}.Release|x64.ActiveCfg = Release|Any CPU
		{2450F060-F75B-4B06-AD35-F29EC38031DC}.Release|x64.Build.0 = Release|Any CPU
		{2450F060-F75B-4B06-AD35-F29EC38031DC}.Release|x86.ActiveCfg = Release|Any CPU
		{2450F060-F75B-4B06-AD35-F29EC38031DC}.Release|x86.Build.0 = Release|Any CPU
		{ABF52FA3-7AF3-4C19-95D3-F845241D5CD4}.Debug|Any CPU.ActiveCfg = Debug|Any CPU
		{ABF52FA3-7AF3-4C19-95D3-F845241D5CD4}.Debug|Any CPU.Build.0 = Debug|Any CPU
		{ABF52FA3-7AF3-4C19-95D3-F845241D5CD4}.Debug|x64.ActiveCfg = Debug|Any CPU
		{ABF52FA3-7AF3-4C19-95D3-F845241D5CD4}.Debug|x64.Build.0 = Debug|Any CPU
		{ABF52FA3-7AF3-4C19-95D3-F845241D5CD4}.Debug|x86.ActiveCfg = Debug|Any CPU
		{ABF52FA3-7AF3-4C19-95D3-F845241D5CD4}.Debug|x86.Build.0 = Debug|Any CPU
		{ABF52FA3-7AF3-4C19-95D3-F845241D5CD4}.Release|Any CPU.ActiveCfg = Release|Any CPU
		{ABF52FA3-7AF3-4C19-95D3-F845241D5CD4}.Release|Any CPU.Build.0 = Release|Any CPU
		{ABF52FA3-7AF3-4C19-95D3-F845241D5CD4}.Release|x64.ActiveCfg = Release|Any CPU
		{ABF52FA3-7AF3-4C19-95D3-F845241D5CD4}.Release|x64.Build.0 = Release|Any CPU
		{ABF52FA3-7AF3-4C19-95D3-F845241D5CD4}.Release|x86.ActiveCfg = Release|Any CPU
		{ABF52FA3-7AF3-4C19-95D3-F845241D5CD4}.Release|x86.Build.0 = Release|Any CPU
		{BCC10F31-DC8C-4056-A15C-AD8E1B0FFC89}.Debug|Any CPU.ActiveCfg = Debug|Any CPU
		{BCC10F31-DC8C-4056-A15C-AD8E1B0FFC89}.Debug|Any CPU.Build.0 = Debug|Any CPU
		{BCC10F31-DC8C-4056-A15C-AD8E1B0FFC89}.Debug|x64.ActiveCfg = Debug|Any CPU
		{BCC10F31-DC8C-4056-A15C-AD8E1B0FFC89}.Debug|x64.Build.0 = Debug|Any CPU
		{BCC10F31-DC8C-4056-A15C-AD8E1B0FFC89}.Debug|x86.ActiveCfg = Debug|Any CPU
		{BCC10F31-DC8C-4056-A15C-AD8E1B0FFC89}.Debug|x86.Build.0 = Debug|Any CPU
		{BCC10F31-DC8C-4056-A15C-AD8E1B0FFC89}.Release|Any CPU.ActiveCfg = Release|Any CPU
		{BCC10F31-DC8C-4056-A15C-AD8E1B0FFC89}.Release|Any CPU.Build.0 = Release|Any CPU
		{BCC10F31-DC8C-4056-A15C-AD8E1B0FFC89}.Release|x64.ActiveCfg = Release|Any CPU
		{BCC10F31-DC8C-4056-A15C-AD8E1B0FFC89}.Release|x64.Build.0 = Release|Any CPU
		{BCC10F31-DC8C-4056-A15C-AD8E1B0FFC89}.Release|x86.ActiveCfg = Release|Any CPU
		{BCC10F31-DC8C-4056-A15C-AD8E1B0FFC89}.Release|x86.Build.0 = Release|Any CPU
		{41378E75-9BA7-4B99-9580-7ED1D54044D5}.Debug|Any CPU.ActiveCfg = Debug|Any CPU
		{41378E75-9BA7-4B99-9580-7ED1D54044D5}.Debug|Any CPU.Build.0 = Debug|Any CPU
		{41378E75-9BA7-4B99-9580-7ED1D54044D5}.Debug|x64.ActiveCfg = Debug|Any CPU
		{41378E75-9BA7-4B99-9580-7ED1D54044D5}.Debug|x64.Build.0 = Debug|Any CPU
		{41378E75-9BA7-4B99-9580-7ED1D54044D5}.Debug|x86.ActiveCfg = Debug|Any CPU
		{41378E75-9BA7-4B99-9580-7ED1D54044D5}.Debug|x86.Build.0 = Debug|Any CPU
		{41378E75-9BA7-4B99-9580-7ED1D54044D5}.Release|Any CPU.ActiveCfg = Release|Any CPU
		{41378E75-9BA7-4B99-9580-7ED1D54044D5}.Release|Any CPU.Build.0 = Release|Any CPU
		{41378E75-9BA7-4B99-9580-7ED1D54044D5}.Release|x64.ActiveCfg = Release|Any CPU
		{41378E75-9BA7-4B99-9580-7ED1D54044D5}.Release|x64.Build.0 = Release|Any CPU
		{41378E75-9BA7-4B99-9580-7ED1D54044D5}.Release|x86.ActiveCfg = Release|Any CPU
		{41378E75-9BA7-4B99-9580-7ED1D54044D5}.Release|x86.Build.0 = Release|Any CPU
	EndGlobalSection
EndGlobal